
Microsoft Visual Studio Solution File, Format Version 12.00
# Visual Studio Version 16
VisualStudioVersion = 16.0.28922.388
MinimumVisualStudioVersion = 10.0.40219.1
Project("{9A19103F-16F7-4668-BE54-9A1E7A4F7556}") = "EmpleadosEBS", "EmpleadosEBS\EmpleadosEBS.csproj", "{5B2CEA32-865C-4FD7-AB7A-8026B4978DC4}"
EndProject
Project("{9A19103F-16F7-4668-BE54-9A1E7A4F7556}") = "ClientesEBS", "ClientesEBS\ClientesEBS.csproj", "{5A648514-26CF-4F07-AC68-B68E5DAB5E4B}"
EndProject
Global
	GlobalSection(SolutionConfigurationPlatforms) = preSolution
		Debug|Any CPU = Debug|Any CPU
		Release|Any CPU = Release|Any CPU
	EndGlobalSection
	GlobalSection(ProjectConfigurationPlatforms) = postSolution
		{5B2CEA32-865C-4FD7-AB7A-8026B4978DC4}.Debug|Any CPU.ActiveCfg = Debug|Any CPU
		{5B2CEA32-865C-4FD7-AB7A-8026B4978DC4}.Debug|Any CPU.Build.0 = Debug|Any CPU
		{5B2CEA32-865C-4FD7-AB7A-8026B4978DC4}.Release|Any CPU.ActiveCfg = Release|Any CPU
		{5B2CEA32-865C-4FD7-AB7A-8026B4978DC4}.Release|Any CPU.Build.0 = Release|Any CPU
		{5A648514-26CF-4F07-AC68-B68E5DAB5E4B}.Debug|Any CPU.ActiveCfg = Debug|Any CPU
		{5A648514-26CF-4F07-AC68-B68E5DAB5E4B}.Debug|Any CPU.Build.0 = Debug|Any CPU
		{5A648514-26CF-4F07-AC68-B68E5DAB5E4B}.Release|Any CPU.ActiveCfg = Release|Any CPU
		{5A648514-26CF-4F07-AC68-B68E5DAB5E4B}.Release|Any CPU.Build.0 = Release|Any CPU
	EndGlobalSection
	GlobalSection(SolutionProperties) = preSolution
		HideSolutionNode = FALSE
	EndGlobalSection
	GlobalSection(ExtensibilityGlobals) = postSolution
		SolutionGuid = {31E2F069-7554-4123-9E92-7AC92DA02883}
	EndGlobalSection
EndGlobal
